
Microsoft Visual Studio Solution File, Format Version 12.00
# Visual Studio Version 16
VisualStudioVersion = 16.0.29001.49
MinimumVisualStudioVersion = 10.0.40219.1
Project("{FAE04EC0-301F-11D3-BF4B-00C04F79EFBC}") = "Forces2", "Forces2\Forces2.csproj", "{52843845-52C9-4B03-B3F6-6CB8405EFD76}"
EndProject
Global
	GlobalSection(SolutionConfigurationPlatforms) = preSolution
		Debug|Any CPU = Debug|Any CPU
		Release|Any CPU = Release|Any CPU
	EndGlobalSection
	GlobalSection(ProjectConfigurationPlatforms) = postSolution
		{52843845-52C9-4B03-B3F6-6CB8405EFD76}.Debug|Any CPU.ActiveCfg = Debug|Any CPU
		{52843845-52C9-4B03-B3F6-6CB8405EFD76}.Debug|Any CPU.Build.0 = Debug|Any CPU
		{52843845-52C9-4B03-B3F6-6CB8405EFD76}.Release|Any CPU.ActiveCfg = Release|Any CPU
		{52843845-52C9-4B03-B3F6-6CB8405EFD76}.Release|Any CPU.Build.0 = Release|Any CPU
	EndGlobalSection
	GlobalSection(SolutionProperties) = preSolution
		HideSolutionNode = FALSE
	EndGlobalSection
	GlobalSection(ExtensibilityGlobals) = postSolution
		SolutionGuid = {EEB9A961-6CE2-41B4-A9BB-7009C8E2CEEF}
	EndGlobalSection
EndGlobal
